
Microsoft Visual Studio Solution File, Format Version 12.00
# Visual Studio Version 17
VisualStudioVersion = 17.2.32630.192
MinimumVisualStudioVersion = 10.0.40219.1
Project("{9A19103F-16F7-4668-BE54-9A1E7A4F7556}") = "RestourantApp", "RestourantApp\RestourantApp.csproj", "{8997D115-FF1F-47F1-8A84-73F0838EB33C}"
EndProject
Project("{9A19103F-16F7-4668-BE54-9A1E7A4F7556}") = "RestaurantApp2", "RestaurantApp2\RestaurantApp2.csproj", "{13DCCFE6-1B37-4BD0-ADDA-924417A4FFC4}"
EndProject
Project("{9A19103F-16F7-4668-BE54-9A1E7A4F7556}") = "RestaurantApp3", "RestaurantApp3\RestaurantApp3.csproj", "{5C65E26D-0403-4D3A-89A0-3BEF700EB070}"
EndProject
Project("{9A19103F-16F7-4668-BE54-9A1E7A4F7556}") = "RestourantAppA1", "RestourantAppA1\RestourantAppA1.csproj", "{3D729864-AC7A-43CA-ABFB-054C7DA37E86}"
EndProject
Project("{9A19103F-16F7-4668-BE54-9A1E7A4F7556}") = "RestaurantAppA3", "RestaurantAppA3\RestaurantAppA3.csproj", "{8E1B3055-EDDF-49E4-85CB-55064F4DF2D5}"
EndProject
Project("{FAE04EC0-301F-11D3-BF4B-00C04F79EFBC}") = "RestaurantApp4", "RestaurantApp4\RestaurantApp4.csproj", "{FE565E6F-770B-4829-9C67-3BF45C60AA6F}"
EndProject
Global
	GlobalSection(SolutionConfigurationPlatforms) = preSolution
		Debug|Any CPU = Debug|Any CPU
		Release|Any CPU = Release|Any CPU
	EndGlobalSection
	GlobalSection(ProjectConfigurationPlatforms) = postSolution
		{8997D115-FF1F-47F1-8A84-73F0838EB33C}.Debug|Any CPU.ActiveCfg = Debug|Any CPU
		{8997D115-FF1F-47F1-8A84-73F0838EB33C}.Debug|Any CPU.Build.0 = Debug|Any CPU
		{8997D115-FF1F-47F1-8A84-73F0838EB33C}.Release|Any CPU.ActiveCfg = Release|Any CPU
		{8997D115-FF1F-47F1-8A84-73F0838EB33C}.Release|Any CPU.Build.0 = Release|Any CPU
		{13DCCFE6-1B37-4BD0-ADDA-924417A4FFC4}.Debug|Any CPU.ActiveCfg = Debug|Any CPU
		{13DCCFE6-1B37-4BD0-ADDA-924417A4FFC4}.Debug|Any CPU.Build.0 = Debug|Any CPU
		{13DCCFE6-1B37-4BD0-ADDA-924417A4FFC4}.Release|Any CPU.ActiveCfg = Release|Any CPU
		{13DCCFE6-1B37-4BD0-ADDA-924417A4FFC4}.Release|Any CPU.Build.0 = Release|Any CPU
		{5C65E26D-0403-4D3A-89A0-3BEF700EB070}.Debug|Any CPU.ActiveCfg = Debug|Any CPU
		{5C65E26D-0403-4D3A-89A0-3BEF700EB070}.Debug|Any CPU.Build.0 = Debug|Any CPU
		{5C65E26D-0403-4D3A-89A0-3BEF700EB070}.Release|Any CPU.ActiveCfg = Release|Any CPU
		{5C65E26D-0403-4D3A-89A0-3BEF700EB070}.Release|Any CPU.Build.0 = Release|Any CPU
		{3D729864-AC7A-43CA-ABFB-054C7DA37E86}.Debug|Any CPU.ActiveCfg = Debug|Any CPU
		{3D729864-AC7A-43CA-ABFB-054C7DA37E86}.Debug|Any CPU.Build.0 = Debug|Any CPU
		{3D729864-AC7A-43CA-ABFB-054C7DA37E86}.Release|Any CPU.ActiveCfg = Release|Any CPU
		{3D729864-AC7A-43CA-ABFB-054C7DA37E86}.Release|Any CPU.Build.0 = Release|Any CPU
		{8E1B3055-EDDF-49E4-85CB-55064F4DF2D5}.Debug|Any CPU.ActiveCfg = Debug|Any CPU
		{8E1B3055-EDDF-49E4-85CB-55064F4DF2D5}.Debug|Any CPU.Build.0 = Debug|Any CPU
		{8E1B3055-EDDF-49E4-85CB-55064F4DF2D5}.Release|Any CPU.ActiveCfg = Release|Any CPU
		{8E1B3055-EDDF-49E4-85CB-55064F4DF2D5}.Release|Any CPU.Build.0 = Release|Any CPU
		{FE565E6F-770B-4829-9C67-3BF45C60AA6F}.Debug|Any CPU.ActiveCfg = Debug|Any CPU
		{FE565E6F-770B-4829-9C67-3BF45C60AA6F}.Debug|Any CPU.Build.0 = Debug|Any CPU
		{FE565E6F-770B-4829-9C67-3BF45C60AA6F}.Release|Any CPU.ActiveCfg = Release|Any CPU
		{FE565E6F-770B-4829-9C67-3BF45C60AA6F}.Release|Any CPU.Build.0 = Release|Any CPU
	EndGlobalSection
	GlobalSection(SolutionProperties) = preSolution
		HideSolutionNode = FALSE
	EndGlobalSection
	GlobalSection(ExtensibilityGlobals) = postSolution
		SolutionGuid = {7E7BC6D5-7D2D-4DB5-8628-0B6C63CE7F3E}
	EndGlobalSection
EndGlobal
